
Microsoft Visual Studio Solution File, Format Version 12.00
# Visual Studio Version 17
VisualStudioVersion = 17.4.33403.182
MinimumVisualStudioVersion = 10.0.40219.1
Project("{FAE04EC0-301F-11D3-BF4B-00C04F79EFBC}") = "WPF_List", "WPF_List\WPF_List.csproj", "{D18D0436-A2F3-47E7-A420-441D57FA7608}"
EndProject
Global
	GlobalSection(SolutionConfigurationPlatforms) = preSolution
		Debug|Any CPU = Debug|Any CPU
		Release|Any CPU = Release|Any CPU
	EndGlobalSection
	GlobalSection(ProjectConfigurationPlatforms) = postSolution
		{D18D0436-A2F3-47E7-A420-441D57FA7608}.Debug|Any CPU.ActiveCfg = Debug|Any CPU
		{D18D0436-A2F3-47E7-A420-441D57FA7608}.Debug|Any CPU.Build.0 = Debug|Any CPU
		{D18D0436-A2F3-47E7-A420-441D57FA7608}.Release|Any CPU.ActiveCfg = Release|Any CPU
		{D18D0436-A2F3-47E7-A420-441D57FA7608}.Release|Any CPU.Build.0 = Release|Any CPU
	EndGlobalSection
	GlobalSection(SolutionProperties) = preSolution
		HideSolutionNode = FALSE
	EndGlobalSection
	GlobalSection(ExtensibilityGlobals) = postSolution
		SolutionGuid = {EE679DA7-005D-497B-9CEC-AA9224D3B64A}
	EndGlobalSection
EndGlobal
